
Microsoft Visual Studio Solution File, Format Version 12.00
# Visual Studio Version 17
VisualStudioVersion = 17.14.36121.58 d17.14
MinimumVisualStudioVersion = 10.0.40219.1
Project("{FAE04EC0-301F-11D3-BF4B-00C04F79EFBC}") = "DreamDay.UI", "DreamDay.UI\DreamDay.UI.csproj", "{559C3CF2-0F79-4345-842B-F976ECB06EDF}"
EndProject
Project("{FAE04EC0-301F-11D3-BF4B-00C04F79EFBC}") = "DreamDay.BLL", "DreamDay.BLL\DreamDay.BLL.csproj", "{3E7EDCC0-EAE5-4794-925A-D144526C7547}"
EndProject
Project("{FAE04EC0-301F-11D3-BF4B-00C04F79EFBC}") = "DreamDay.DAL", "DreamDay.DAL\DreamDay.DAL.csproj", "{CE394EAB-5B3A-40B6-9647-4F5CF8AC4359}"
EndProject
Project("{FAE04EC0-301F-11D3-BF4B-00C04F79EFBC}") = "DreamDay.Models", "DreamDay.Models\DreamDay.Models.csproj", "{38BE9A54-07F1-467A-BE6B-58B254C73906}"
EndProject
Project("{FAE04EC0-301F-11D3-BF4B-00C04F79EFBC}") = "DreamDay.Utilities", "DreamDay.Utilities\DreamDay.Utilities.csproj", "{9ABEAB55-C6BF-4E27-A5F8-9B939A89D1B4}"
EndProject
Global
	GlobalSection(SolutionConfigurationPlatforms) = preSolution
		Debug|Any CPU = Debug|Any CPU
		Release|Any CPU = Release|Any CPU
	EndGlobalSection
	GlobalSection(ProjectConfigurationPlatforms) = postSolution
		{559C3CF2-0F79-4345-842B-F976ECB06EDF}.Debug|Any CPU.ActiveCfg = Debug|Any CPU
		{559C3CF2-0F79-4345-842B-F976ECB06EDF}.Debug|Any CPU.Build.0 = Debug|Any CPU
		{559C3CF2-0F79-4345-842B-F976ECB06EDF}.Release|Any CPU.ActiveCfg = Release|Any CPU
		{559C3CF2-0F79-4345-842B-F976ECB06EDF}.Release|Any CPU.Build.0 = Release|Any CPU
		{3E7EDCC0-EAE5-4794-925A-D144526C7547}.Debug|Any CPU.ActiveCfg = Debug|Any CPU
		{3E7EDCC0-EAE5-4794-925A-D144526C7547}.Debug|Any CPU.Build.0 = Debug|Any CPU
		{3E7EDCC0-EAE5-4794-925A-D144526C7547}.Release|Any CPU.ActiveCfg = Release|Any CPU
		{3E7EDCC0-EAE5-4794-925A-D144526C7547}.Release|Any CPU.Build.0 = Release|Any CPU
		{CE394EAB-5B3A-40B6-9647-4F5CF8AC4359}.Debug|Any CPU.ActiveCfg = Debug|Any CPU
		{CE394EAB-5B3A-40B6-9647-4F5CF8AC4359}.Debug|Any CPU.Build.0 = Debug|Any CPU
		{CE394EAB-5B3A-40B6-9647-4F5CF8AC4359}.Release|Any CPU.ActiveCfg = Release|Any CPU
		{CE394EAB-5B3A-40B6-9647-4F5CF8AC4359}.Release|Any CPU.Build.0 = Release|Any CPU
		{38BE9A54-07F1-467A-BE6B-58B254C73906}.Debug|Any CPU.ActiveCfg = Debug|Any CPU
		{38BE9A54-07F1-467A-BE6B-58B254C73906}.Debug|Any CPU.Build.0 = Debug|Any CPU
		{38BE9A54-07F1-467A-BE6B-58B254C73906}.Release|Any CPU.ActiveCfg = Release|Any CPU
		{38BE9A54-07F1-467A-BE6B-58B254C73906}.Release|Any CPU.Build.0 = Release|Any CPU
		{9ABEAB55-C6BF-4E27-A5F8-9B939A89D1B4}.Debug|Any CPU.ActiveCfg = Debug|Any CPU
		{9ABEAB55-C6BF-4E27-A5F8-9B939A89D1B4}.Debug|Any CPU.Build.0 = Debug|Any CPU
		{9ABEAB55-C6BF-4E27-A5F8-9B939A89D1B4}.Release|Any CPU.ActiveCfg = Release|Any CPU
		{9ABEAB55-C6BF-4E27-A5F8-9B939A89D1B4}.Release|Any CPU.Build.0 = Release|Any CPU
	EndGlobalSection
	GlobalSection(SolutionProperties) = preSolution
		HideSolutionNode = FALSE
	EndGlobalSection
	GlobalSection(ExtensibilityGlobals) = postSolution
		SolutionGuid = {DDE73648-B9EA-45A5-AE28-4AE2051F0CE8}
	EndGlobalSection
EndGlobal
